Microsoft Visual Studio Solution File, Format Version 12.00
# Visual Studio Version 16
VisualStudioVersion = 16.0.30804.86
MinimumVisualStudioVersion = 10.0.40219.1
Project("{FAE04EC0-301F-11D3-BF4B-00C04F79EFBC}") = "BoltClearance", "BoltClearance\BoltClearance.csproj", "{FF4F3B19-CE59-4664-93EF-C718496F9BC1}"
EndProject
Project("{FAE04EC0-301F-11D3-BF4B-00C04F79EFBC}") = "BoltClearanceConsoleApp", "BoltClearanceConsoleApp\BoltClearanceConsoleApp.csproj", "{D161D8F5-BB27-4E15-AF96-85943EB6BF19}"
EndProject
Global
	GlobalSection(SolutionConfigurationPlatforms) = preSolution
		Debug|Any CPU = Debug|Any CPU
		Release|Any CPU = Release|Any CPU
	EndGlobalSection
	GlobalSection(ProjectConfigurationPlatforms) = postSolution
		{FF4F3B19-CE59-4664-93EF-C718496F9BC1}.Debug|Any CPU.ActiveCfg = Debug|Any CPU
		{FF4F3B19-CE59-4664-93EF-C718496F9BC1}.Debug|Any CPU.Build.0 = Debug|Any CPU
		{FF4F3B19-CE59-4664-93EF-C718496F9BC1}.Release|Any CPU.ActiveCfg = Release|Any CPU
		{FF4F3B19-CE59-4664-93EF-C718496F9BC1}.Release|Any CPU.Build.0 = Release|Any CPU
		{D161D8F5-BB27-4E15-AF96-85943EB6BF19}.Debug|Any CPU.ActiveCfg = Debug|Any CPU
		{D161D8F5-BB27-4E15-AF96-85943EB6BF19}.Debug|Any CPU.Build.0 = Debug|Any CPU
		{D161D8F5-BB27-4E15-AF96-85943EB6BF19}.Release|Any CPU.ActiveCfg = Release|Any CPU
		{D161D8F5-BB27-4E15-AF96-85943EB6BF19}.Release|Any CPU.Build.0 = Release|Any CPU
		{D595B9D2-BB33-4B65-9DD4-471A5141FAD2}.Debug|Any CPU.ActiveCfg = Debug|Any CPU
		{D595B9D2-BB33-4B65-9DD4-471A5141FAD2}.Debug|Any CPU.Build.0 = Debug|Any CPU
		{D595B9D2-BB33-4B65-9DD4-471A5141FAD2}.Release|Any CPU.ActiveCfg = Release|Any CPU
		{D595B9D2-BB33-4B65-9DD4-471A5141FAD2}.Release|Any CPU.Build.0 = Release|Any CPU
	EndGlobalSection
	GlobalSection(SolutionProperties) = preSolution
		HideSolutionNode = FALSE
	EndGlobalSection
	GlobalSection(ExtensibilityGlobals) = postSolution
		SolutionGuid = {B66D8061-ACA1-4F23-B886-50EE97ABC8E9}
	EndGlobalSection
EndGlobal
